// !$*UTF8*$!
{
	archiveVersion = 1;
	classes = {
	};
	objectVersion = 52;
	objects = {

/* Begin PBXBuildFile section */
		BE5B7D3225B9C30C001EF9E1 /* tca in Resources */ = {isa = PBXBuildFile; fileRef = BE5B7D3025B9C30C001EF9E1 /* tca */; };
		BE5B7D3325B9C30C001EF9E1 /* tcaTests in Resources */ = {isa = PBXBuildFile; fileRef = BE5B7D3125B9C30C001EF9E1 /* tcaTests */; };
		BEDE1E5B24C0D52F00796460 /* ComposableArchitecture in Frameworks */ = {isa = PBXBuildFile; productRef = BEDE1E5A24C0D52F00796460 /* ComposableArchitecture */; };
/* End PBXBuildFile section */

/* Begin PBXContainerItemProxy section */
		BEDE1E4B24C0D46600796460 /* PBXContainerItemProxy */ = {
			isa = PBXContainerItemProxy;
			containerPortal = BEDE1E2C24C0D46500796460 /* Project object */;
			proxyType = 1;
			remoteGlobalIDString = BEDE1E3324C0D46500796460;
			remoteInfo = "ComposableArchitecture-Test";
		};
/* End PBXContainerItemProxy section */

/* Begin PBXFileReference section */
		BE5B7D3025B9C30C001EF9E1 /* tca */ = {isa = PBXFileReference; lastKnownFileType = folder; path = tca; sourceTree = "<group>"; };
		BE5B7D3125B9C30C001EF9E1 /* tcaTests */ = {isa = PBXFileReference; lastKnownFileType = folder; path = tcaTests; sourceTree = "<group>"; };
		BEDE1E3424C0D46500796460 /* ComposableArchitecture-Test.app */ = {isa = PBXFileReference; explicitFileType = wrapper.application; includeInIndex = 0; path = "ComposableArchitecture-Test.app"; sourceTree = BUILT_PRODUCTS_DIR; };
		BEDE1E4A24C0D46600796460 /* ComposableArchitecture-TestTests.xctest */ = {isa = PBXFileReference; explicitFileType = wrapper.cfbundle; includeInIndex = 0; path = "ComposableArchitecture-TestTests.xctest"; sourceTree = BUILT_PRODUCTS_DIR; };
/* End PBXFileReference section */

/* Begin PBXFrameworksBuildPhase section */
		BEDE1E3124C0D46500796460 /* Frameworks */ = {
			isa = PBXFrameworksBuildPhase;
			buildActionMask = 2147483647;
			files = (
				BEDE1E5B24C0D52F00796460 /* ComposableArchitecture in Frameworks */,
			);
			runOnlyForDeploymentPostprocessing = 0;
		};
		BEDE1E4724C0D46600796460 /* Frameworks */ = {
			isa = PBXFrameworksBuildPhase;
			buildActionMask = 2147483647;
			files = (
			);
			runOnlyForDeploymentPostprocessing = 0;
		};
/* End PBXFrameworksBuildPhase section */

/* Begin PBXGroup section */
		BEDE1E2B24C0D46500796460 = {
			isa = PBXGroup;
			children = (
				BE5B7D3025B9C30C001EF9E1 /* tca */,
				BE5B7D3125B9C30C001EF9E1 /* tcaTests */,
				BEDE1E3524C0D46500796460 /* Products */,
			);
			sourceTree = "<group>";
		};
		BEDE1E3524C0D46500796460 /* Products */ = {
			isa = PBXGroup;
			children = (
				BEDE1E3424C0D46500796460 /* ComposableArchitecture-Test.app */,
				BEDE1E4A24C0D46600796460 /* ComposableArchitecture-TestTests.xctest */,
			);
			name = Products;
			sourceTree = "<group>";
		};
/* End PBXGroup section */

/* Begin PBXNativeTarget section */
		BEDE1E3324C0D46500796460 /* ComposableArchitecture-Test */ = {
			isa = PBXNativeTarget;
			buildConfigurationList = BEDE1E5324C0D46600796460 /* Build configuration list for PBXNativeTarget "ComposableArchitecture-Test" */;
			buildPhases = (
				BEDE1E3024C0D46500796460 /* Sources */,
				BEDE1E3124C0D46500796460 /* Frameworks */,
				BEDE1E3224C0D46500796460 /* Resources */,
			);
			buildRules = (
			);
			dependencies = (
			);
			name = "ComposableArchitecture-Test";
			packageProductDependencies = (
				BEDE1E5A24C0D52F00796460 /* ComposableArchitecture */,
			);
			productName = "ComposableArchitecture-Test";
			productReference = BEDE1E3424C0D46500796460 /* ComposableArchitecture-Test.app */;
			productType = "com.apple.product-type.application";
		};
		BEDE1E4924C0D46600796460 /* ComposableArchitecture-TestTests */ = {
			isa = PBXNativeTarget;
			buildConfigurationList = BEDE1E5624C0D46600796460 /* Build configuration list for PBXNativeTarget "ComposableArchitecture-TestTests" */;
			buildPhases = (
				BEDE1E4624C0D46600796460 /* Sources */,
				BEDE1E4724C0D46600796460 /* Frameworks */,
				BEDE1E4824C0D46600796460 /* Resources */,
			);
			buildRules = (
			);
			dependencies = (
				BEDE1E4C24C0D46600796460 /* PBXTargetDependency */,
			);
			name = "ComposableArchitecture-TestTests";
			productName = "ComposableArchitecture-TestTests";
			productReference = BEDE1E4A24C0D46600796460 /* ComposableArchitecture-TestTests.xctest */;
			productType = "com.apple.product-type.bundle.unit-test";
		};
/* End PBXNativeTarget section */

/* Begin PBXProject section */
		BEDE1E2C24C0D46500796460 /* Project object */ = {
			isa = PBXProject;
			attributes = {
				LastSwiftUpdateCheck = 1160;
				LastUpgradeCheck = 1160;
				ORGANIZATIONNAME = "Henrique Jordão";
				TargetAttributes = {
					BEDE1E3324C0D46500796460 = {
						CreatedOnToolsVersion = 11.6;
					};
					BEDE1E4924C0D46600796460 = {
						CreatedOnToolsVersion = 11.6;
						TestTargetID = BEDE1E3324C0D46500796460;
					};
				};
			};
			buildConfigurationList = BEDE1E2F24C0D46500796460 /* Build configuration list for PBXProject "tca" */;
			compatibilityVersion = "Xcode 9.3";
			developmentRegion = en;
			hasScannedForEncodings = 0;
			knownRegions = (
				en,
				Base,
			);
			mainGroup = BEDE1E2B24C0D46500796460;
			packageReferences = (
				BEDE1E5924C0D52F00796460 /* XCRemoteSwiftPackageReference "swift-composable-architecture" */,
			);
			productRefGroup = BEDE1E3524C0D46500796460 /* Products */;
			projectDirPath = "";
			projectRoot = "";
			targets = (
				BEDE1E3324C0D46500796460 /* ComposableArchitecture-Test */,
				BEDE1E4924C0D46600796460 /* ComposableArchitecture-TestTests */,
			);
		};
/* End PBXProject section */

/* Begin PBXResourcesBuildPhase section */
		BEDE1E3224C0D46500796460 /* Resources */ = {
			isa = PBXResourcesBuildPhase;
			buildActionMask = 2147483647;
			files = (
				BE5B7D3225B9C30C001EF9E1 /* tca in Resources */,
				BE5B7D3325B9C30C001EF9E1 /* tcaTests in Resources */,
			);
			runOnlyForDeploymentPostprocessing = 0;
		};
		BEDE1E4824C0D46600796460 /* Resources */ = {
			isa = PBXResourcesBuildPhase;
			buildActionMask = 2147483647;
			files = (
			);
			runOnlyForDeploymentPostprocessing = 0;
		};
/* End PBXResourcesBuildPhase section */

/* Begin PBXSourcesBuildPhase section */
		BEDE1E3024C0D46500796460 /* Sources */ = {
			isa = PBXSourcesBuildPhase;
			buildActionMask = 2147483647;
			files = (
			);
			runOnlyForDeploymentPostprocessing = 0;
		};
		BEDE1E4624C0D46600796460 /* Sources */ = {
			isa = PBXSourcesBuildPhase;
			buildActionMask = 2147483647;
			files = (
			);
			runOnlyForDeploymentPostprocessing = 0;
		};
/* End PBXSourcesBuildPhase section */

/* Begin PBXTargetDependency section */
		BEDE1E4C24C0D46600796460 /* PBXTargetDependency */ = {
			isa = PBXTargetDependency;
			target = BEDE1E3324C0D46500796460 /* ComposableArchitecture-Test */;
			targetProxy = BEDE1E4B24C0D46600796460 /* PBXContainerItemProxy */;
		};
/* End PBXTargetDependency section */

/* Begin XCBuildConfiguration section */
		BEDE1E5124C0D46600796460 /* Debug */ = {
			isa = XCBuildConfiguration;
			buildSettings = {
				ALWAYS_SEARCH_USER_PATHS = NO;
				CLANG_ANALYZER_NONNULL = YES;
				CLANG_ANALYZER_NUMBER_OBJECT_CONVERSION = YES_AGGRESSIVE;
				CLANG_CXX_LANGUAGE_STANDARD = "gnu++14";
				CLANG_CXX_LIBRARY = "libc++";
				CLANG_ENABLE_MODULES = YES;
				CLANG_ENABLE_OBJC_ARC = YES;
				CLANG_ENABLE_OBJC_WEAK = YES;
				CLANG_WARN_BLOCK_CAPTURE_AUTORELEASING = YES;
				CLANG_WARN_BOOL_CONVERSION = YES;
				CLANG_WARN_COMMA = YES;
				CLANG_WARN_CONSTANT_CONVERSION = YES;
				CLANG_WARN_DEPRECATED_OBJC_IMPLEMENTATIONS = YES;
				CLANG_WARN_DIRECT_OBJC_ISA_USAGE = YES_ERROR;
				CLANG_WARN_DOCUMENTATION_COMMENTS = YES;
				CLANG_WARN_EMPTY_BODY = YES;
				CLANG_WARN_ENUM_CONVERSION = YES;
				CLANG_WARN_INFINITE_RECURSION = YES;
				CLANG_WARN_INT_CONVERSION = YES;
				CLANG_WARN_NON_LITERAL_NULL_CONVERSION = YES;
				CLANG_WARN_OBJC_IMPLICIT_RETAIN_SELF = YES;
				CLANG_WARN_OBJC_LITERAL_CONVERSION = YES;
				CLANG_WARN_OBJC_ROOT_CLASS = YES_ERROR;
				CLANG_WARN_RANGE_LOOP_ANALYSIS = YES;
				CLANG_WARN_STRICT_PROTOTYPES = YES;
				CLANG_WARN_SUSPICIOUS_MOVE = YES;
				CLANG_WARN_UNGUARDED_AVAILABILITY = YES_AGGRESSIVE;
				CLANG_WARN_UNREACHABLE_CODE = YES;
				CLANG_WARN__DUPLICATE_METHOD_MATCH = YES;
				COPY_PHASE_STRIP = NO;
				DEBUG_INFORMATION_FORMAT = dwarf;
				ENABLE_STRICT_OBJC_MSGSEND = YES;
				ENABLE_TESTABILITY = YES;
				GCC_C_LANGUAGE_STANDARD = gnu11;
				GCC_DYNAMIC_NO_PIC = NO;
				GCC_NO_COMMON_BLOCKS = YES;
				GCC_OPTIMIZATION_LEVEL = 0;
				GCC_PREPROCESSOR_DEFINITIONS = (
					"DEBUG=1",
					"$(inherited)",
				);
				GCC_WARN_64_TO_32_BIT_CONVERSION = YES;
				GCC_WARN_ABOUT_RETURN_TYPE = YES_ERROR;
				GCC_WARN_UNDECLARED_SELECTOR = YES;
				GCC_WARN_UNINITIALIZED_AUTOS = YES_AGGRESSIVE;
				GCC_WARN_UNUSED_FUNCTION = YES;
				GCC_WARN_UNUSED_VARIABLE = YES;
				IPHONEOS_DEPLOYMENT_TARGET = 13.6;
				MTL_ENABLE_DEBUG_INFO = INCLUDE_SOURCE;
				MTL_FAST_MATH = YES;
				ONLY_ACTIVE_ARCH = YES;
				SDKROOT = iphoneos;
				SWIFT_ACTIVE_COMPILATION_CONDITIONS = DEBUG;
				SWIFT_OPTIMIZATION_LEVEL = "-Onone";
			};
			name = Debug;
		};
		BEDE1E5224C0D46600796460 /* Release */ = {
			isa = XCBuildConfiguration;
			buildSettings = {
				ALWAYS_SEARCH_USER_PATHS = NO;
				CLANG_ANALYZER_NONNULL = YES;
				CLANG_ANALYZER_NUMBER_OBJECT_CONVERSION = YES_AGGRESSIVE;
				CLANG_CXX_LANGUAGE_STANDARD = "gnu++14";
				CLANG_CXX_LIBRARY = "libc++";
				CLANG_ENABLE_MODULES = YES;
				CLANG_ENABLE_OBJC_ARC = YES;
				CLANG_ENABLE_OBJC_WEAK = YES;
				CLANG_WARN_BLOCK_CAPTURE_AUTORELEASING = YES;
				CLANG_WARN_BOOL_CONVERSION = YES;
				CLANG_WARN_COMMA = YES;
				CLANG_WARN_CONSTANT_CONVERSION = YES;
				CLANG_WARN_DEPRECATED_OBJC_IMPLEMENTATIONS = YES;
				CLANG_WARN_DIRECT_OBJC_ISA_USAGE = YES_ERROR;
				CLANG_WARN_DOCUMENTATION_COMMENTS = YES;
				CLANG_WARN_EMPTY_BODY = YES;
				CLANG_WARN_ENUM_CONVERSION = YES;
				CLANG_WARN_INFINITE_RECURSION = YES;
				CLANG_WARN_INT_CONVERSION = YES;
				CLANG_WARN_NON_LITERAL_NULL_CONVERSION = YES;
				CLANG_WARN_OBJC_IMPLICIT_RETAIN_SELF = YES;
				CLANG_WARN_OBJC_LITERAL_CONVERSION = YES;
				CLANG_WARN_OBJC_ROOT_CLASS = YES_ERROR;
				CLANG_WARN_RANGE_LOOP_ANALYSIS = YES;
				CLANG_WARN_STRICT_PROTOTYPES = YES;
				CLANG_WARN_SUSPICIOUS_MOVE = YES;
				CLANG_WARN_UNGUARDED_AVAILABILITY = YES_AGGRESSIVE;
				CLANG_WARN_UNREACHABLE_CODE = YES;
				CLANG_WARN__DUPLICATE_METHOD_MATCH = YES;
				COPY_PHASE_STRIP = NO;
				DEBUG_INFORMATION_FORMAT = "dwarf-with-dsym";
				ENABLE_NS_ASSERTIONS = NO;
				ENABLE_STRICT_OBJC_MSGSEND = YES;
				GCC_C_LANGUAGE_STANDARD = gnu11;
				GCC_NO_COMMON_BLOCKS = YES;
				GCC_WARN_64_TO_32_BIT_CONVERSION = YES;
				GCC_WARN_ABOUT_RETURN_TYPE = YES_ERROR;
				GCC_WARN_UNDECLARED_SELECTOR = YES;
				GCC_WARN_UNINITIALIZED_AUTOS = YES_AGGRESSIVE;
				GCC_WARN_UNUSED_FUNCTION = YES;
				GCC_WARN_UNUSED_VARIABLE = YES;
				IPHONEOS_DEPLOYMENT_TARGET = 13.6;
				MTL_ENABLE_DEBUG_INFO = NO;
				MTL_FAST_MATH = YES;
				SDKROOT = iphoneos;
				SWIFT_COMPILATION_MODE = wholemodule;
				SWIFT_OPTIMIZATION_LEVEL = "-O";
				VALIDATE_PRODUCT = YES;
			};
			name = Release;
		};
		BEDE1E5424C0D46600796460 /* Debug */ = {
			isa = XCBuildConfiguration;
			buildSettings = {
				ASSETCATALOG_COMPILER_APPICON_NAME = AppIcon;
				CODE_SIGN_STYLE = Automatic;
				DEVELOPMENT_ASSET_PATHS = "";
				DEVELOPMENT_TEAM = KH7X9H9X6J;
				ENABLE_PREVIEWS = YES;
				INFOPLIST_FILE = "ComposableArchitecture-Test/SupportingFiles/Info.plist";
				LD_RUNPATH_SEARCH_PATHS = (
					"$(inherited)",
					"@executable_path/Frameworks",
				);
				PRODUCT_BUNDLE_IDENTIFIER = "br.com.hcjordao.ComposableArchitecture-Test";
				PRODUCT_NAME = "$(TARGET_NAME)";
				SWIFT_VERSION = 5.0;
				TARGETED_DEVICE_FAMILY = "1,2";
			};
			name = Debug;
		};
		BEDE1E5524C0D46600796460 /* Release */ = {
			isa = XCBuildConfiguration;
			buildSettings = {
				ASSETCATALOG_COMPILER_APPICON_NAME = AppIcon;
				CODE_SIGN_STYLE = Automatic;
				DEVELOPMENT_ASSET_PATHS = "";
				DEVELOPMENT_TEAM = KH7X9H9X6J;
				ENABLE_PREVIEWS = YES;
				INFOPLIST_FILE = "ComposableArchitecture-Test/SupportingFiles/Info.plist";
				LD_RUNPATH_SEARCH_PATHS = (
					"$(inherited)",
					"@executable_path/Frameworks",
				);
				PRODUCT_BUNDLE_IDENTIFIER = "br.com.hcjordao.ComposableArchitecture-Test";
				PRODUCT_NAME = "$(TARGET_NAME)";
				SWIFT_VERSION = 5.0;
				TARGETED_DEVICE_FAMILY = "1,2";
			};
			name = Release;
		};
		BEDE1E5724C0D46600796460 /* Debug */ = {
			isa = XCBuildConfiguration;
			buildSettings = {
				BUNDLE_LOADER = "$(TEST_HOST)";
				CODE_SIGN_STYLE = Automatic;
				DEVELOPMENT_TEAM = KH7X9H9X6J;
				INFOPLIST_FILE = "ComposableArchitecture-TestTests/Info.plist";
				IPHONEOS_DEPLOYMENT_TARGET = 13.6;
				LD_RUNPATH_SEARCH_PATHS = (
					"$(inherited)",
					"@executable_path/Frameworks",
					"@loader_path/Frameworks",
				);
				PRODUCT_BUNDLE_IDENTIFIER = "br.com.hcjordao.ComposableArchitecture-TestTests";
				PRODUCT_NAME = "$(TARGET_NAME)";
				SWIFT_VERSION = 5.0;
				TARGETED_DEVICE_FAMILY = "1,2";
				TEST_HOST = "$(BUILT_PRODUCTS_DIR)/ComposableArchitecture-Test.app/ComposableArchitecture-Test";
			};
			name = Debug;
		};
		BEDE1E5824C0D46600796460 /* Release */ = {
			isa = XCBuildConfiguration;
			buildSettings = {
				BUNDLE_LOADER = "$(TEST_HOST)";
				CODE_SIGN_STYLE = Automatic;
				DEVELOPMENT_TEAM = KH7X9H9X6J;
				INFOPLIST_FILE = "ComposableArchitecture-TestTests/Info.plist";
				IPHONEOS_DEPLOYMENT_TARGET = 13.6;
				LD_RUNPATH_SEARCH_PATHS = (
					"$(inherited)",
					"@executable_path/Frameworks",
					"@loader_path/Frameworks",
				);
				PRODUCT_BUNDLE_IDENTIFIER = "br.com.hcjordao.ComposableArchitecture-TestTests";
				PRODUCT_NAME = "$(TARGET_NAME)";
				SWIFT_VERSION = 5.0;
				TARGETED_DEVICE_FAMILY = "1,2";
				TEST_HOST = "$(BUILT_PRODUCTS_DIR)/ComposableArchitecture-Test.app/ComposableArchitecture-Test";
			};
			name = Release;
		};
/* End XCBuildConfiguration section */

/* Begin XCConfigurationList section */
		BEDE1E2F24C0D46500796460 /* Build configuration list for PBXProject "tca" */ = {
			isa = XCConfigurationList;
			buildConfigurations = (
				BEDE1E5124C0D46600796460 /* Debug */,
				BEDE1E5224C0D46600796460 /* Release */,
			);
			defaultConfigurationIsVisible = 0;
			defaultConfigurationName = Release;
		};
		BEDE1E5324C0D46600796460 /* Build configuration list for PBXNativeTarget "ComposableArchitecture-Test" */ = {
			isa = XCConfigurationList;
			buildConfigurations = (
				BEDE1E5424C0D46600796460 /* Debug */,
				BEDE1E5524C0D46600796460 /* Release */,
			);
			defaultConfigurationIsVisible = 0;
			defaultConfigurationName = Release;
		};
		BEDE1E5624C0D46600796460 /* Build configuration list for PBXNativeTarget "ComposableArchitecture-TestTests" */ = {
			isa = XCConfigurationList;
			buildConfigurations = (
				BEDE1E5724C0D46600796460 /* Debug */,
				BEDE1E5824C0D46600796460 /* Release */,
			);
			defaultConfigurationIsVisible = 0;
			defaultConfigurationName = Release;
		};
/* End XCConfigurationList section */

/* Begin XCRemoteSwiftPackageReference section */
		BEDE1E5924C0D52F00796460 /* XCRemoteSwiftPackageReference "swift-composable-architecture" */ = {
			isa = XCRemoteSwiftPackageReference;
			repositoryURL = "https://github.com/pointfreeco/swift-composable-architecture";
			requirement = {
				kind = upToNextMajorVersion;
				minimumVersion = 0.6.0;
			};
		};
/* End XCRemoteSwiftPackageReference section */

/* Begin XCSwiftPackageProductDependency section */
		BEDE1E5A24C0D52F00796460 /* ComposableArchitecture */ = {
			isa = XCSwiftPackageProductDependency;
			package = BEDE1E5924C0D52F00796460 /* XCRemoteSwiftPackageReference "swift-composable-architecture" */;
			productName = ComposableArchitecture;
		};
/* End XCSwiftPackageProductDependency section */
	};
	rootObject = BEDE1E2C24C0D46500796460 /* Project object */;
}
